
Microsoft Visual Studio Solution File, Format Version 12.00
# Visual Studio Version 16
VisualStudioVersion = 16.0.29806.167
MinimumVisualStudioVersion = 10.0.40219.1
Project("{FAE04EC0-301F-11D3-BF4B-00C04F79EFBC}") = "UR_DataReader_Console", "UR_DataReader_Console\UR_DataReader_Console.csproj", "{603C2C49-7202-4BB6-B66F-3C299405EE68}"
EndProject
Global
	GlobalSection(SolutionConfigurationPlatforms) = preSolution
		Debug|Any CPU = Debug|Any CPU
		Release|Any CPU = Release|Any CPU
	EndGlobalSection
	GlobalSection(ProjectConfigurationPlatforms) = postSolution
		{603C2C49-7202-4BB6-B66F-3C299405EE68}.Debug|Any CPU.ActiveCfg = Debug|Any CPU
		{603C2C49-7202-4BB6-B66F-3C299405EE68}.Debug|Any CPU.Build.0 = Debug|Any CPU
		{603C2C49-7202-4BB6-B66F-3C299405EE68}.Release|Any CPU.ActiveCfg = Release|Any CPU
		{603C2C49-7202-4BB6-B66F-3C299405EE68}.Release|Any CPU.Build.0 = Release|Any CPU
	EndGlobalSection
	GlobalSection(SolutionProperties) = preSolution
		HideSolutionNode = FALSE
	EndGlobalSection
	GlobalSection(ExtensibilityGlobals) = postSolution
		SolutionGuid = {CA513B7C-5AF1-48B2-97AF-6058478D504D}
	EndGlobalSection
EndGlobal
